{
  "requires": true,
  "lockfileVersion": 1,
  "dependencies": {
    "@ant-design/colors": {
      "version": "7.0.0",
      "resolved": "https://registry.npmjs.org/@ant-design/colors/-/colors-7.0.0.tgz",
      "integrity": "sha512-iVm/9PfGCbC0dSMBrz7oiEXZaaGH7ceU40OJEfKmyuzR9R5CRimJYPlRiFtMQGQcbNMea/ePcoIebi4ASGYXtg==",
      "requires": {
        "@ctrl/tinycolor": "^3.4.0"
      }
    },
    "@ant-design/cssinjs": {
      "version": "1.5.6",
      "resolved": "https://registry.npmjs.org/@ant-design/cssinjs/-/cssinjs-1.5.6.tgz",
      "integrity": "sha512-1S7LUPC9BMyQ/CUYgzfePJJwEfsbVHJe3Tpd9zhujTxRM/6LYpN9N4FTaPHVqpnPazm0S2vG0WBkh2T5Erwuug==",
      "requires": {
        "@babel/runtime": "^7.11.1",
        "@emotion/hash": "^0.8.0",
        "@emotion/unitless": "^0.7.5",
        "classnames": "^2.3.1",
        "csstype": "^3.0.10",
        "rc-util": "^5.27.0",
        "stylis": "^4.0.13"
      }
    },
    "@ant-design/icons": {
      "version": "5.0.1",
      "resolved": "https://registry.npmjs.org/@ant-design/icons/-/icons-5.0.1.tgz",
      "integrity": "sha512-ZyF4ksXCcdtwA/1PLlnFLcF/q8/MhwxXhKHh4oCHDA4Ip+ZzAHoICtyp4wZWfiCVDP0yuz3HsjyvuldHFb3wjA==",
      "requires": {
        "@ant-design/colors": "^7.0.0",
        "@ant-design/icons-svg": "^4.2.1",
        "@babel/runtime": "^7.11.2",
        "classnames": "^2.2.6",
        "rc-util": "^5.9.4"
      }
    },
    "@ant-design/icons-svg": {
      "version": "4.2.1",
      "resolved": "https://registry.npmjs.org/@ant-design/icons-svg/-/icons-svg-4.2.1.tgz",
      "integrity": "sha512-EB0iwlKDGpG93hW8f85CTJTs4SvMX7tt5ceupvhALp1IF44SeUFOMhKUOYqpsoYWQKAOuTRDMqn75rEaKDp0Xw=="
    },
    "@ant-design/react-slick": {
      "version": "1.0.0",
      "resolved": "https://registry.npmjs.org/@ant-design/react-slick/-/react-slick-1.0.0.tgz",
      "integrity": "sha512-OKxZsn8TAf8fYxP79rDXgLs9zvKMTslK6dJ4iLhDXOujUqC5zJPBRszyrcEHXcMPOm1Sgk40JgyF3yiL/Swd7w==",
      "requires": {
        "@babel/runtime": "^7.10.4",
        "classnames": "^2.2.5",
        "json2mq": "^0.2.0",
        "resize-observer-polyfill": "^1.5.1",
        "throttle-debounce": "^5.0.0"
      }
    },
    "@babel/runtime": {
      "version": "7.20.13",
      "resolved": "https://registry.npmjs.org/@babel/runtime/-/runtime-7.20.13.tgz",
      "integrity": "sha512-gt3PKXs0DBoL9xCvOIIZ2NEqAGZqHjAnmVbfQtB620V0uReIQutpel14KcneZuer7UioY8ALKZ7iocavvzTNFA==",
      "requires": {
        "regenerator-runtime": "^0.13.11"
      }
    },
    "@ctrl/tinycolor": {
      "version": "3.5.0",
      "resolved": "https://registry.npmjs.org/@ctrl/tinycolor/-/tinycolor-3.5.0.tgz",
      "integrity": "sha512-tlJpwF40DEQcfR/QF+wNMVyGMaO9FQp6Z1Wahj4Gk3CJQYHwA2xVG7iKDFdW6zuxZY9XWOpGcfNCTsX4McOsOg=="
    },
    "@emotion/hash": {
      "version": "0.8.0",
      "resolved": "https://registry.npmjs.org/@emotion/hash/-/hash-0.8.0.tgz",
      "integrity": "sha512-kBJtf7PH6aWwZ6fka3zQ0p6SBYzx4fl1LoZXE2RrnYST9Xljm7WfKJrU4g/Xr3Beg72MLrp1AWNUmuYJTL7Cow=="
    },
    "@emotion/unitless": {
      "version": "0.7.5",
      "resolved": "https://registry.npmjs.org/@emotion/unitless/-/unitless-0.7.5.tgz",
      "integrity": "sha512-OWORNpfjMsSSUBVrRBVGECkhWcULOAJz9ZW8uK9qgxD+87M7jHRcvh/A96XXNhXTLmKcoYSQtBEX7lHMO7YRwg=="
    },
    "@rc-component/context": {
      "version": "1.3.0",
      "resolved": "https://registry.npmjs.org/@rc-component/context/-/context-1.3.0.tgz",
      "integrity": "sha512-6QdaCJ7Wn5UZLJs15IEfqy4Ru3OaL5ctqpQYWd5rlfV9wwzrzdt6+kgAQZV/qdB0MUPN4nhyBfRembQCIvBf+w==",
      "requires": {
        "@babel/runtime": "^7.10.1",
        "rc-util": "^5.27.0"
      }
    },
    "@rc-component/mini-decimal": {
      "version": "1.0.1",
      "resolved": "https://registry.npmjs.org/@rc-component/mini-decimal/-/mini-decimal-1.0.1.tgz",
      "integrity": "sha512-9N8nRk0oKj1qJzANKl+n9eNSMUGsZtjwNuDCiZ/KA+dt1fE3zq5x2XxclRcAbOIXnZcJ53ozP2Pa60gyELXagA==",
      "requires": {
        "@babel/runtime": "^7.18.0"
      }
    },
    "@rc-component/mutate-observer": {
      "version": "1.0.0",
      "resolved": "https://registry.npmjs.org/@rc-component/mutate-observer/-/mutate-observer-1.0.0.tgz",
      "integrity": "sha512-okqRJSfNisXdI6CUeOLZC5ukBW/8kir2Ii4PJiKpUt+3+uS7dxwJUMxsUZquxA1rQuL8YcEmKVp/TCnR+yUdZA==",
      "requires": {
        "@babel/runtime": "^7.18.0",
        "classnames": "^2.3.2",
        "rc-util": "^5.24.4"
      }
    },
    "@rc-component/portal": {
      "version": "1.1.0",
      "resolved": "https://registry.npmjs.org/@rc-component/portal/-/portal-1.1.0.tgz",
      "integrity": "sha512-tbXM9SB1r5FOuZjRCljERFByFiEUcMmCWMXLog/NmgCzlAzreXyf23Vei3ZpSMxSMavzPnhCovfZjZdmxS3d1w==",
      "requires": {
        "@babel/runtime": "^7.18.0",
        "classnames": "^2.3.2",
        "rc-util": "^5.24.4"
      }
    },
    "@rc-component/tour": {
      "version": "1.1.0",
      "resolved": "https://registry.npmjs.org/@rc-component/tour/-/tour-1.1.0.tgz",
      "integrity": "sha512-Cy45VnNEDq6DLF5eKonIflObDfofbPq7AJpSf18qLN+j9+wW+sNlRv3JnCMDUsCdhSlnM4+yJ1RMokKp9GCpOQ==",
      "requires": {
        "@babel/runtime": "^7.18.0",
        "@rc-component/portal": "^1.0.0-9",
        "classnames": "^2.3.2",
        "rc-trigger": "^5.3.4",
        "rc-util": "^5.24.4"
      }
    },
    "antd": {
      "version": "5.1.7",
      "resolved": "https://registry.npmjs.org/antd/-/antd-5.1.7.tgz",
      "integrity": "sha512-rz7wrUPWfE1WAt7o8vlTmjfxVmbV0Vyh00PEO8F837Gq0wugvOiWVPJ4BI/piIxUIpKXASYmCYWOczoHCkwBMQ==",
      "requires": {
        "@ant-design/colors": "^7.0.0",
        "@ant-design/cssinjs": "^1.5.6",
        "@ant-design/icons": "^5.0.0",
        "@ant-design/react-slick": "~1.0.0",
        "@babel/runtime": "^7.18.3",
        "@ctrl/tinycolor": "^3.4.0",
        "@rc-component/mutate-observer": "^1.0.0",
        "@rc-component/tour": "~1.1.0",
        "classnames": "^2.2.6",
        "copy-to-clipboard": "^3.2.0",
        "dayjs": "^1.11.1",
        "qrcode.react": "^3.1.0",
        "rc-cascader": "~3.8.0",
        "rc-checkbox": "~2.3.0",
        "rc-collapse": "~3.4.2",
        "rc-dialog": "~9.0.2",
        "rc-drawer": "~6.1.1",
        "rc-dropdown": "~4.0.0",
        "rc-field-form": "~1.27.0",
        "rc-image": "~5.13.0",
        "rc-input": "~0.1.4",
        "rc-input-number": "~7.4.0",
        "rc-mentions": "~1.13.1",
        "rc-menu": "~9.8.2",
        "rc-motion": "^2.6.1",
        "rc-notification": "~5.0.0",
        "rc-pagination": "~3.2.0",
        "rc-picker": "~3.1.1",
        "rc-progress": "~3.4.1",
        "rc-rate": "~2.9.0",
        "rc-resize-observer": "^1.2.0",
        "rc-segmented": "~2.1.0",
        "rc-select": "~14.2.0",
        "rc-slider": "~10.0.0",
        "rc-steps": "~6.0.0",
        "rc-switch": "~4.0.0",
        "rc-table": "~7.30.2",
        "rc-tabs": "~12.5.1",
        "rc-textarea": "~0.4.5",
        "rc-tooltip": "~5.2.0",
        "rc-tree": "~5.7.0",
        "rc-tree-select": "~5.6.0",
        "rc-trigger": "^5.3.4",
        "rc-upload": "~4.3.0",
        "rc-util": "^5.27.0",
        "scroll-into-view-if-needed": "^3.0.3",
        "throttle-debounce": "^5.0.0"
      }
    },
    "array-tree-filter": {
      "version": "2.1.0",
      "resolved": "https://registry.npmjs.org/array-tree-filter/-/array-tree-filter-2.1.0.tgz",
      "integrity": "sha512-4ROwICNlNw/Hqa9v+rk5h22KjmzB1JGTMVKP2AKJBOCgb0yL0ASf0+YvCcLNNwquOHNX48jkeZIJ3a+oOQqKcw=="
    },
    "async-validator": {
      "version": "4.2.5",
      "resolved": "https://registry.npmjs.org/async-validator/-/async-validator-4.2.5.tgz",
      "integrity": "sha512-7HhHjtERjqlNbZtqNqy2rckN/SpOOlmDliet+lP7k+eKZEjPk3DgyeU9lIXLdeLz0uBbbVp+9Qdow9wJWgwwfg=="
    },
    "classnames": {
      "version": "2.3.2",
      "resolved": "https://registry.npmjs.org/classnames/-/classnames-2.3.2.tgz",
      "integrity": "sha512-CSbhY4cFEJRe6/GQzIk5qXZ4Jeg5pcsP7b5peFSDpffpe1cqjASH/n9UTjBwOp6XpMSTwQ8Za2K5V02ueA7Tmw=="
    },
    "compute-scroll-into-view": {
      "version": "2.0.4",
      "resolved": "https://registry.npmjs.org/compute-scroll-into-view/-/compute-scroll-into-view-2.0.4.tgz",
      "integrity": "sha512-y/ZA3BGnxoM/QHHQ2Uy49CLtnWPbt4tTPpEEZiEmmiWBFKjej7nEyH8Ryz54jH0MLXflUYA3Er2zUxPSJu5R+g=="
    },
    "copy-to-clipboard": {
      "version": "3.3.3",
      "resolved": "https://registry.npmjs.org/copy-to-clipboard/-/copy-to-clipboard-3.3.3.tgz",
      "integrity": "sha512-2KV8NhB5JqC3ky0r9PMCAZKbUHSwtEo4CwCs0KXgruG43gX5PMqDEBbVU4OUzw2MuAWUfsuFmWvEKG5QRfSnJA==",
      "requires": {
        "toggle-selection": "^1.0.6"
      }
    },
    "csstype": {
      "version": "3.1.1",
      "resolved": "https://registry.npmjs.org/csstype/-/csstype-3.1.1.tgz",
      "integrity": "sha512-DJR/VvkAvSZW9bTouZue2sSxDwdTN92uHjqeKVm+0dAqdfNykRzQ95tay8aXMBAAPpUiq4Qcug2L7neoRh2Egw=="
    },
    "dayjs": {
      "version": "1.11.7",
      "resolved": "https://registry.npmjs.org/dayjs/-/dayjs-1.11.7.tgz",
      "integrity": "sha512-+Yw9U6YO5TQohxLcIkrXBeY73WP3ejHWVvx8XCk3gxvQDCTEmS48ZrSZCKciI7Bhl/uCMyxYtE9UqRILmFphkQ=="
    },
    "dom-align": {
      "version": "1.12.4",
      "resolved": "https://registry.npmjs.org/dom-align/-/dom-align-1.12.4.tgz",
      "integrity": "sha512-R8LUSEay/68zE5c8/3BDxiTEvgb4xZTF0RKmAHfiEVN3klfIpXfi2/QCoiWPccVQ0J/ZGdz9OjzL4uJEP/MRAw=="
    },
    "json2mq": {
      "version": "0.2.0",
      "resolved": "https://registry.npmjs.org/json2mq/-/json2mq-0.2.0.tgz",
      "integrity": "sha512-SzoRg7ux5DWTII9J2qkrZrqV1gt+rTaoufMxEzXbS26Uid0NwaJd123HcoB80TgubEppxxIGdNxCx50fEoEWQA==",
      "requires": {
        "string-convert": "^0.2.0"
      }
    },
    "qrcode.react": {
      "version": "3.1.0",
      "resolved": "https://registry.npmjs.org/qrcode.react/-/qrcode.react-3.1.0.tgz",
      "integrity": "sha512-oyF+Urr3oAMUG/OiOuONL3HXM+53wvuH3mtIWQrYmsXoAq0DkvZp2RYUWFSMFtbdOpuS++9v+WAkzNVkMlNW6Q=="
    },
    "rc-align": {
      "version": "4.0.15",
      "resolved": "https://registry.npmjs.org/rc-align/-/rc-align-4.0.15.tgz",
      "integrity": "sha512-wqJtVH60pka/nOX7/IspElA8gjPNQKIx/ZqJ6heATCkXpe1Zg4cPVrMD2vC96wjsFFL8WsmhPbx9tdMo1qqlIA==",
      "requires": {
        "@babel/runtime": "^7.10.1",
        "classnames": "2.x",
        "dom-align": "^1.7.0",
        "rc-util": "^5.26.0",
        "resize-observer-polyfill": "^1.5.1"
      }
    },
    "rc-cascader": {
      "version": "3.8.0",
      "resolved": "https://registry.npmjs.org/rc-cascader/-/rc-cascader-3.8.0.tgz",
      "integrity": "sha512-zCz/NzsNRQ1TIfiR3rQNxjeRvgRHEkNdo0FjHQZ6Ay6n4tdCmMrM7+81ThNaf21JLQ1gS2AUG2t5uikGV78obA==",
      "requires": {
        "@babel/runtime": "^7.12.5",
        "array-tree-filter": "^2.1.0",
        "classnames": "^2.3.1",
        "rc-select": "~14.2.0",
        "rc-tree": "~5.7.0",
        "rc-util": "^5.6.1"
      }
    },
    "rc-checkbox": {
      "version": "2.3.2",
      "resolved": "https://registry.npmjs.org/rc-checkbox/-/rc-checkbox-2.3.2.tgz",
      "integrity": "sha512-afVi1FYiGv1U0JlpNH/UaEXdh6WUJjcWokj/nUN2TgG80bfG+MDdbfHKlLcNNba94mbjy2/SXJ1HDgrOkXGAjg==",
      "requires": {
        "@babel/runtime": "^7.10.1",
        "classnames": "^2.2.1"
      }
    },
    "rc-collapse": {
      "version": "3.4.2",
      "resolved": "https://registry.npmjs.org/rc-collapse/-/rc-collapse-3.4.2.tgz",
      "integrity": "sha512-jpTwLgJzkhAgp2Wpi3xmbTbbYExg6fkptL67Uu5LCRVEj6wqmy0DHTjjeynsjOLsppHGHu41t1ELntZ0lEvS/Q==",
      "requires": {
        "@babel/runtime": "^7.10.1",
        "classnames": "2.x",
        "rc-motion": "^2.3.4",
        "rc-util": "^5.2.1",
        "shallowequal": "^1.1.0"
      }
    },
    "rc-dialog": {
      "version": "9.0.2",
      "resolved": "https://registry.npmjs.org/rc-dialog/-/rc-dialog-9.0.2.tgz",
      "integrity": "sha512-s3U+24xWUuB6Bn2Lk/Qt6rufy+uT+QvWkiFhNBcO9APLxcFFczWamaq7x9h8SCuhfc1nHcW4y8NbMsnAjNnWyg==",
      "requires": {
        "@babel/runtime": "^7.10.1",
        "@rc-component/portal": "^1.0.0-8",
        "classnames": "^2.2.6",
        "rc-motion": "^2.3.0",
        "rc-util": "^5.21.0"
      }
    },
    "rc-drawer": {
      "version": "6.1.2",
      "resolved": "https://registry.npmjs.org/rc-drawer/-/rc-drawer-6.1.2.tgz",
      "integrity": "sha512-mYsTVT8Amy0LRrpVEv7gI1hOjtfMSO/qHAaCDzFx9QBLnms3cAQLJkaxRWM+Eq99oyLhU/JkgoqTg13bc4ogOQ==",
      "requires": {
        "@babel/runtime": "^7.10.1",
        "@rc-component/portal": "^1.0.0-6",
        "classnames": "^2.2.6",
        "rc-motion": "^2.6.1",
        "rc-util": "^5.21.2"
      }
    },
    "rc-dropdown": {
      "version": "4.0.1",
      "resolved": "https://registry.npmjs.org/rc-dropdown/-/rc-dropdown-4.0.1.tgz",
      "integrity": "sha512-OdpXuOcme1rm45cR0Jzgfl1otzmU4vuBVb+etXM8vcaULGokAKVpKlw8p6xzspG7jGd/XxShvq+N3VNEfk/l5g==",
      "requires": {
        "@babel/runtime": "^7.18.3",
        "classnames": "^2.2.6",
        "rc-trigger": "^5.3.1",
        "rc-util": "^5.17.0"
      }
    },
    "rc-field-form": {
      "version": "1.27.3",
      "resolved": "https://registry.npmjs.org/rc-field-form/-/rc-field-form-1.27.3.tgz",
      "integrity": "sha512-HGqxHnmGQgkPApEcikV4qTg3BLPC82uB/cwBDftDt1pYaqitJfSl5TFTTUMKVEJVT5RqJ2Zi68ME1HmIMX2HAw==",
      "requires": {
        "@babel/runtime": "^7.18.0",
        "async-validator": "^4.1.0",
        "rc-util": "^5.8.0"
      }
    },
    "rc-image": {
      "version": "5.13.0",
      "resolved": "https://registry.npmjs.org/rc-image/-/rc-image-5.13.0.tgz",
      "integrity": "sha512-iZTOmw5eWo2+gcrJMMcnd7SsxVHl3w5xlyCgsULUdJhJbnuI8i/AL0tVOsE7aLn9VfOh1qgDT3mC2G75/c7mqg==",
      "requires": {
        "@babel/runtime": "^7.11.2",
        "@rc-component/portal": "^1.0.2",
        "classnames": "^2.2.6",
        "rc-dialog": "~9.0.0",
        "rc-motion": "^2.6.2",
        "rc-util": "^5.0.6"
      }
    },
    "rc-input": {
      "version": "0.1.4",
      "resolved": "https://registry.npmjs.org/rc-input/-/rc-input-0.1.4.tgz",
      "integrity": "sha512-FqDdNz+fV2dKNgfXzcSLKvC+jEs1709t7nD+WdfjrdSaOcefpgc7BUJYadc3usaING+b7ediMTfKxuJBsEFbXA==",
      "requires": {
        "@babel/runtime": "^7.11.1",
        "classnames": "^2.2.1",
        "rc-util": "^5.18.1"
      }
    },
    "rc-input-number": {
      "version": "7.4.0",
      "resolved": "https://registry.npmjs.org/rc-input-number/-/rc-input-number-7.4.0.tgz",
      "integrity": "sha512-r/Oub/sPYbzqLNUOHnnc9sbCu78a81KX+RCbRwmpvB4W6nptUySbdWS5KHV4Hak5CAE1LAd+wWm5JjvZizG1FA==",
      "requires": {
        "@babel/runtime": "^7.10.1",
        "@rc-component/mini-decimal": "^1.0.1",
        "classnames": "^2.2.5",
        "rc-util": "^5.23.0"
      }
    },
    "rc-mentions": {
      "version": "1.13.1",
      "resolved": "https://registry.npmjs.org/rc-mentions/-/rc-mentions-1.13.1.tgz",
      "integrity": "sha512-FCkaWw6JQygtOz0+Vxz/M/NWqrWHB9LwqlY2RtcuFqWJNFK9njijOOzTSsBGANliGufVUzx/xuPHmZPBV0+Hgw==",
      "requires": {
        "@babel/runtime": "^7.10.1",
        "classnames": "^2.2.6",
        "rc-menu": "~9.8.0",
        "rc-textarea": "^0.4.0",
        "rc-trigger": "^5.0.4",
        "rc-util": "^5.22.5"
      }
    },
    "rc-menu": {
      "version": "9.8.2",
      "resolved": "https://registry.npmjs.org/rc-menu/-/rc-menu-9.8.2.tgz",
      "integrity": "sha512-EahOJVjLuEnJsThoPN+mGnVm431RzVzDLZWHRS/YnXTQULa7OsgdJa/Y7qXxc3Z5sz8mgT6xYtgpmBXLxrZFaQ==",
      "requires": {
        "@babel/runtime": "^7.10.1",
        "classnames": "2.x",
        "rc-motion": "^2.4.3",
        "rc-overflow": "^1.2.8",
        "rc-trigger": "^5.1.2",
        "rc-util": "^5.27.0"
      }
    },
    "rc-motion": {
      "version": "2.6.3",
      "resolved": "https://registry.npmjs.org/rc-motion/-/rc-motion-2.6.3.tgz",
      "integrity": "sha512-xFLkes3/7VL/J+ah9jJruEW/Akbx5F6jVa2wG5o/ApGKQKSOd5FR3rseHLL9+xtJg4PmCwo6/1tqhDO/T+jFHA==",
      "requires": {
        "@babel/runtime": "^7.11.1",
        "classnames": "^2.2.1",
        "rc-util": "^5.21.0"
      }
    },
    "rc-notification": {
      "version": "5.0.2",
      "resolved": "https://registry.npmjs.org/rc-notification/-/rc-notification-5.0.2.tgz",
      "integrity": "sha512-74wUFiLlyr6lRGEY1m1BaTiDp+0lIT4FRAblMnh9FApyK2JGdsSLbrQ/1rgM7d2N/IX5UIr8kLLW3TdXxFt/jQ==",
      "requires": {
        "@babel/runtime": "^7.10.1",
        "classnames": "2.x",
        "rc-motion": "^2.6.0",
        "rc-util": "^5.20.1"
      }
    },
    "rc-overflow": {
      "version": "1.2.8",
      "resolved": "https://registry.npmjs.org/rc-overflow/-/rc-overflow-1.2.8.tgz",
      "integrity": "sha512-QJ0UItckWPQ37ZL1dMEBAdY1dhfTXFL9k6oTTcyydVwoUNMnMqCGqnRNA98axSr/OeDKqR6DVFyi8eA5RQI/uQ==",
      "requires": {
        "@babel/runtime": "^7.11.1",
        "classnames": "^2.2.1",
        "rc-resize-observer": "^1.0.0",
        "rc-util": "^5.19.2"
      }
    },
    "rc-pagination": {
      "version": "3.2.0",
      "resolved": "https://registry.npmjs.org/rc-pagination/-/rc-pagination-3.2.0.tgz",
      "integrity": "sha512-5tIXjB670WwwcAJzAqp2J+cOBS9W3cH/WU1EiYwXljuZ4vtZXKlY2Idq8FZrnYBz8KhN3vwPo9CoV/SJS6SL1w==",
      "requires": {
        "@babel/runtime": "^7.10.1",
        "classnames": "^2.2.1"
      }
    },
    "rc-picker": {
      "version": "3.1.4",
      "resolved": "https://registry.npmjs.org/rc-picker/-/rc-picker-3.1.4.tgz",
      "integrity": "sha512-4qANXNc3C02YENNQvun329zf9VLvSQ2W8RkKQRu8k1P+EtSGqe3klcAKCfz/1TuCiDvgRjJlzRmyZAkwvsbI8w==",
      "requires": {
        "@babel/runtime": "^7.10.1",
        "classnames": "^2.2.1",
        "rc-trigger": "^5.0.4",
        "rc-util": "^5.4.0",
        "shallowequal": "^1.1.0"
      }
    },
    "rc-progress": {
      "version": "3.4.1",
      "resolved": "https://registry.npmjs.org/rc-progress/-/rc-progress-3.4.1.tgz",
      "integrity": "sha512-eAFDHXlk8aWpoXl0llrenPMt9qKHQXphxcVsnKs0FHC6eCSk1ebJtyaVjJUzKe0233ogiLDeEFK1Uihz3s67hw==",
      "requires": {
        "@babel/runtime": "^7.10.1",
        "classnames": "^2.2.6",
        "rc-util": "^5.16.1"
      }
    },
    "rc-rate": {
      "version": "2.9.2",
      "resolved": "https://registry.npmjs.org/rc-rate/-/rc-rate-2.9.2.tgz",
      "integrity": "sha512-SaiZFyN8pe0Fgphv8t3+kidlej+cq/EALkAJAc3A0w0XcPaH2L1aggM8bhe1u6GAGuQNAoFvTLjw4qLPGRKV5g==",
      "requires": {
        "@babel/runtime": "^7.10.1",
        "classnames": "^2.2.5",
        "rc-util": "^5.0.1"
      }
    },
    "rc-resize-observer": {
      "version": "1.2.1",
      "resolved": "https://registry.npmjs.org/rc-resize-observer/-/rc-resize-observer-1.2.1.tgz",
      "integrity": "sha512-g53PnWLeVOmt4XWkt2x+QlIdf/PhJSd7JqHhtMrUY370e7wJ+kxbgXicYqvENUcgFiiOiMCd07YsC2GNsoSbnA==",
      "requires": {
        "@babel/runtime": "^7.20.7",
        "classnames": "^2.2.1",
        "rc-util": "^5.27.0",
        "resize-observer-polyfill": "^1.5.1"
      }
    },
    "rc-segmented": {
      "version": "2.1.0",
      "resolved": "https://registry.npmjs.org/rc-segmented/-/rc-segmented-2.1.0.tgz",
      "integrity": "sha512-hUlonro+pYoZcwrH6Vm56B2ftLfQh046hrwif/VwLIw1j3zGt52p5mREBwmeVzXnSwgnagpOpfafspzs1asjGw==",
      "requires": {
        "@babel/runtime": "^7.11.1",
        "classnames": "^2.2.1",
        "rc-motion": "^2.4.4",
        "rc-util": "^5.17.0"
      }
    },
    "rc-select": {
      "version": "14.2.0",
      "resolved": "https://registry.npmjs.org/rc-select/-/rc-select-14.2.0.tgz",
      "integrity": "sha512-tvxHmbAA0EIhBkB7dyaRhcBUIWHocQbUFY/fBlezj2jg5p65a5VQ/UhBg2I9TA1wjpsr5CCx0ruZPkYcUMjDoQ==",
      "requires": {
        "@babel/runtime": "^7.10.1",
        "classnames": "2.x",
        "rc-motion": "^2.0.1",
        "rc-overflow": "^1.0.0",
        "rc-trigger": "^5.0.4",
        "rc-util": "^5.16.1",
        "rc-virtual-list": "^3.4.13"
      }
    },
    "rc-slider": {
      "version": "10.0.1",
      "resolved": "https://registry.npmjs.org/rc-slider/-/rc-slider-10.0.1.tgz",
      "integrity": "sha512-igTKF3zBet7oS/3yNiIlmU8KnZ45npmrmHlUUio8PNbIhzMcsh+oE/r2UD42Y6YD2D/s+kzCQkzQrPD6RY435Q==",
      "requires": {
        "@babel/runtime": "^7.10.1",
        "classnames": "^2.2.5",
        "rc-util": "^5.18.1",
        "shallowequal": "^1.1.0"
      }
    },
    "rc-steps": {
      "version": "6.0.0",
      "resolved": "https://registry.npmjs.org/rc-steps/-/rc-steps-6.0.0.tgz",
      "integrity": "sha512-+KfMZIty40mYCQSDvYbZ1jwnuObLauTiIskT1hL4FFOBHP6ZOr8LK0m143yD3kEN5XKHSEX1DIwCj3AYZpoeNQ==",
      "requires": {
        "@babel/runtime": "^7.16.7",
        "classnames": "^2.2.3",
        "rc-util": "^5.16.1"
      }
    },
    "rc-switch": {
      "version": "4.0.0",
      "resolved": "https://registry.npmjs.org/rc-switch/-/rc-switch-4.0.0.tgz",
      "integrity": "sha512-IfrYC99vN0gKaTyjQdqYuADU0eH00SAFHg3jOp8HrmUpJruhV1SohJzrCbPqPraZeX/6X/QKkdLfkdnUub05WA==",
      "requires": {
        "@babel/runtime": "^7.10.1",
        "classnames": "^2.2.1",
        "rc-util": "^5.0.1"
      }
    },
    "rc-table": {
      "version": "7.30.3",
      "resolved": "https://registry.npmjs.org/rc-table/-/rc-table-7.30.3.tgz",
      "integrity": "sha512-PHe+lZKwPo3qui5j79m54vKu8b4hebk04x+4Hy65NvwUU3+NNFGS5FZpylXQMkueMnE8hgh22ZuScQDkCtzQFQ==",
      "requires": {
        "@babel/runtime": "^7.10.1",
        "@rc-component/context": "^1.3.0",
        "classnames": "^2.2.5",
        "rc-resize-observer": "^1.1.0",
        "rc-util": "^5.27.1"
      }
    },
    "rc-tabs": {
      "version": "12.5.6",
      "resolved": "https://registry.npmjs.org/rc-tabs/-/rc-tabs-12.5.6.tgz",
      "integrity": "sha512-aArXHzxK7YICxe+622CZ8FlO5coMi8P7E6tXpseCPKm1gdTjUt0LrQK1/AxcrRXZXG3K4QqhlKmET0+cX5DQaQ==",
      "requires": {
        "@babel/runtime": "^7.11.2",
        "classnames": "2.x",
        "rc-dropdown": "~4.0.0",
        "rc-menu": "~9.8.0",
        "rc-motion": "^2.6.2",
        "rc-resize-observer": "^1.0.0",
        "rc-util": "^5.16.0"
      }
    },
    "rc-textarea": {
      "version": "0.4.7",
      "resolved": "https://registry.npmjs.org/rc-textarea/-/rc-textarea-0.4.7.tgz",
      "integrity": "sha512-IQPd1CDI3mnMlkFyzt2O4gQ2lxUsnBAeJEoZGJnkkXgORNqyM9qovdrCj9NzcRfpHgLdzaEbU3AmobNFGUznwQ==",
      "requires": {
        "@babel/runtime": "^7.10.1",
        "classnames": "^2.2.1",
        "rc-resize-observer": "^1.0.0",
        "rc-util": "^5.24.4",
        "shallowequal": "^1.1.0"
      }
    },
    "rc-tooltip": {
      "version": "5.2.2",
      "resolved": "https://registry.npmjs.org/rc-tooltip/-/rc-tooltip-5.2.2.tgz",
      "integrity": "sha512-jtQzU/18S6EI3lhSGoDYhPqNpWajMtS5VV/ld1LwyfrDByQpYmw/LW6U7oFXXLukjfDHQ7Ju705A82PRNFWYhg==",
      "requires": {
        "@babel/runtime": "^7.11.2",
        "classnames": "^2.3.1",
        "rc-trigger": "^5.0.0"
      }
    },
    "rc-tree": {
      "version": "5.7.2",
      "resolved": "https://registry.npmjs.org/rc-tree/-/rc-tree-5.7.2.tgz",
      "integrity": "sha512-nmnL6qLnfwVckO5zoqKL2I9UhwDqzyCtjITQCkwhimyz1zfuFkG5ZPIXpzD/Guzso94qQA/QrMsvzic5W6QDjg==",
      "requires": {
        "@babel/runtime": "^7.10.1",
        "classnames": "2.x",
        "rc-motion": "^2.0.1",
        "rc-util": "^5.16.1",
        "rc-virtual-list": "^3.4.8"
      }
    },
    "rc-tree-select": {
      "version": "5.6.0",
      "resolved": "https://registry.npmjs.org/rc-tree-select/-/rc-tree-select-5.6.0.tgz",
      "integrity": "sha512-XG6pu0a9l6+mzhQqUYfR2VIONbe/3LjVc3wKt28k6uBMZsI1j+SSxRyt/7jWRq8Kok8jHJBQASlDg6ehr9Sp0w==",
      "requires": {
        "@babel/runtime": "^7.10.1",
        "classnames": "2.x",
        "rc-select": "~14.2.0",
        "rc-tree": "~5.7.0",
        "rc-util": "^5.16.1"
      }
    },
    "rc-trigger": {
      "version": "5.3.4",
      "resolved": "https://registry.npmjs.org/rc-trigger/-/rc-trigger-5.3.4.tgz",
      "integrity": "sha512-mQv+vas0TwKcjAO2izNPkqR4j86OemLRmvL2nOzdP9OWNWA1ivoTt5hzFqYNW9zACwmTezRiN8bttrC7cZzYSw==",
      "requires": {
        "@babel/runtime": "^7.18.3",
        "classnames": "^2.2.6",
        "rc-align": "^4.0.0",
        "rc-motion": "^2.0.0",
        "rc-util": "^5.19.2"
      }
    },
    "rc-upload": {
      "version": "4.3.4",
      "resolved": "https://registry.npmjs.org/rc-upload/-/rc-upload-4.3.4.tgz",
      "integrity": "sha512-uVbtHFGNjHG/RyAfm9fluXB6pvArAGyAx8z7XzXXyorEgVIWj6mOlriuDm0XowDHYz4ycNK0nE0oP3cbFnzxiQ==",
      "requires": {
        "@babel/runtime": "^7.18.3",
        "classnames": "^2.2.5",
        "rc-util": "^5.2.0"
      }
    },
    "rc-util": {
      "version": "5.27.2",
      "resolved": "https://registry.npmjs.org/rc-util/-/rc-util-5.27.2.tgz",
      "integrity": "sha512-8XHRbeJOWlTR2Hk1K2xLaPOf7lZu+3taskAGuqOPccA676vB3ygrz3ZgdrA3wml40CzR9RlIEHDWwI7FZT3wBQ==",
      "requires": {
        "@babel/runtime": "^7.18.3",
        "react-is": "^16.12.0"
      }
    },
    "rc-virtual-list": {
      "version": "3.4.13",
      "resolved": "https://registry.npmjs.org/rc-virtual-list/-/rc-virtual-list-3.4.13.tgz",
      "integrity": "sha512-cPOVDmcNM7rH6ANotanMDilW/55XnFPw0Jh/GQYtrzZSy3AmWvCnqVNyNC/pgg3lfVmX2994dlzAhuUrd4jG7w==",
      "requires": {
        "@babel/runtime": "^7.20.0",
        "classnames": "^2.2.6",
        "rc-resize-observer": "^1.0.0",
        "rc-util": "^5.15.0"
      }
    },
    "react-is": {
      "version": "16.13.1",
      "resolved": "https://registry.npmjs.org/react-is/-/react-is-16.13.1.tgz",
      "integrity": "sha512-24e6ynE2H+OKt4kqsOvNd8kBpV65zoxbA4BVsEOB3ARVWQki/DHzaUoC5KuON/BiccDaCCTZBuOcfZs70kR8bQ=="
    },
    "regenerator-runtime": {
      "version": "0.13.11",
      "resolved": "https://registry.npmjs.org/regenerator-runtime/-/regenerator-runtime-0.13.11.tgz",
      "integrity": "sha512-kY1AZVr2Ra+t+piVaJ4gxaFaReZVH40AKNo7UCX6W+dEwBo/2oZJzqfuN1qLq1oL45o56cPaTXELwrTh8Fpggg=="
    },
    "resize-observer-polyfill": {
      "version": "1.5.1",
      "resolved": "https://registry.npmjs.org/resize-observer-polyfill/-/resize-observer-polyfill-1.5.1.tgz",
      "integrity": "sha512-LwZrotdHOo12nQuZlHEmtuXdqGoOD0OhaxopaNFxWzInpEgaLWoVuAMbTzixuosCx2nEG58ngzW3vxdWoxIgdg=="
    },
    "scroll-into-view-if-needed": {
      "version": "3.0.4",
      "resolved": "https://registry.npmjs.org/scroll-into-view-if-needed/-/scroll-into-view-if-needed-3.0.4.tgz",
      "integrity": "sha512-s+/F50jwTOUt+u5oEIAzum9MN2lUQNvWBe/zfEsVQcbaERjGkKLq1s+2wCHkahMLC8nMLbzMVKivx9JhunXaZg==",
      "requires": {
        "compute-scroll-into-view": "^2.0.4"
      }
    },
    "shallowequal": {
      "version": "1.1.0",
      "resolved": "https://registry.npmjs.org/shallowequal/-/shallowequal-1.1.0.tgz",
      "integrity": "sha512-y0m1JoUZSlPAjXVtPPW70aZWfIL/dSP7AFkRnniLCrK/8MDKog3TySTBmckD+RObVxH0v4Tox67+F14PdED2oQ=="
    },
    "string-convert": {
      "version": "0.2.1",
      "resolved": "https://registry.npmjs.org/string-convert/-/string-convert-0.2.1.tgz",
      "integrity": "sha512-u/1tdPl4yQnPBjnVrmdLo9gtuLvELKsAoRapekWggdiQNvvvum+jYF329d84NAa660KQw7pB2n36KrIKVoXa3A=="
    },
    "stylis": {
      "version": "4.1.3",
      "resolved": "https://registry.npmjs.org/stylis/-/stylis-4.1.3.tgz",
      "integrity": "sha512-GP6WDNWf+o403jrEp9c5jibKavrtLW+/qYGhFxFrG8maXhwTBI7gLLhiBb0o7uFccWN+EOS9aMO6cGHWAO07OA=="
    },
    "throttle-debounce": {
      "version": "5.0.0",
      "resolved": "https://registry.npmjs.org/throttle-debounce/-/throttle-debounce-5.0.0.tgz",
      "integrity": "sha512-2iQTSgkkc1Zyk0MeVrt/3BvuOXYPl/R8Z0U2xxo9rjwNciaHDG3R+Lm6dh4EeUci49DanvBnuqI6jshoQQRGEg=="
    },
    "toggle-selection": {
      "version": "1.0.6",
      "resolved": "https://registry.npmjs.org/toggle-selection/-/toggle-selection-1.0.6.tgz",
      "integrity": "sha512-BiZS+C1OS8g/q2RRbJmy59xpyghNBqrr6k5L/uKBGRsTfxmu3ffiRnd8mlGPUVayg8pvfi5urfnu8TU7DVOkLQ=="
    }
  }
}
